
Microsoft Visual Studio Solution File, Format Version 12.00
# Visual Studio 15
VisualStudioVersion = 15.0.28307.106
MinimumVisualStudioVersion = 10.0.40219.1
Project("{FAE04EC0-301F-11D3-BF4B-00C04F79EFBC}") = "GarbageCleaner", "GarbageCleaner\GarbageCleaner.csproj", "{3560590C-9A57-4E2F-A2BC-07236947FBAD}"
EndProject
Global
	GlobalSection(SolutionConfigurationPlatforms) = preSolution
		Debug|Any CPU = Debug|Any CPU
		Release|Any CPU = Release|Any CPU
	EndGlobalSection
	GlobalSection(ProjectConfigurationPlatforms) = postSolution
		{3560590C-9A57-4E2F-A2BC-07236947FBAD}.Debug|Any CPU.ActiveCfg = Debug|Any CPU
		{3560590C-9A57-4E2F-A2BC-07236947FBAD}.Debug|Any CPU.Build.0 = Debug|Any CPU
		{3560590C-9A57-4E2F-A2BC-07236947FBAD}.Release|Any CPU.ActiveCfg = Release|Any CPU
		{3560590C-9A57-4E2F-A2BC-07236947FBAD}.Release|Any CPU.Build.0 = Release|Any CPU
	EndGlobalSection
	GlobalSection(SolutionProperties) = preSolution
		HideSolutionNode = FALSE
	EndGlobalSection
	GlobalSection(ExtensibilityGlobals) = postSolution
		SolutionGuid = {3AD7CCBC-D6B9-4745-B72C-5930FD1C1F78}
	EndGlobalSection
EndGlobal
